// !$*UTF8*$!
{
	archiveVersion = 1;
	classes = {
	};
	objectVersion = 46;
	objects = {

/* Begin PBXBuildFile section */
		3FC502B73A761F39D9846A65 /* libPods.a in Frameworks */ = {isa = PBXBuildFile; fileRef = F5782A5EC3984BF5E1B143B7 /* libPods.a */; };
		A59EAA2D1AAA756000460561 /* main.m in Sources */ = {isa = PBXBuildFile; fileRef = A59EAA2C1AAA756000460561 /* main.m */; };
		A59EAA301AAA756000460561 /* AppDelegate.m in Sources */ = {isa = PBXBuildFile; fileRef = A59EAA2F1AAA756000460561 /* AppDelegate.m */; };
		A59EAA361AAA756000460561 /* Main.storyboard in Resources */ = {isa = PBXBuildFile; fileRef = A59EAA341AAA756000460561 /* Main.storyboard */; };
		A59EAA381AAA756000460561 /* Images.xcassets in Resources */ = {isa = PBXBuildFile; fileRef = A59EAA371AAA756000460561 /* Images.xcassets */; };
		A59EAA3B1AAA756000460561 /* LaunchScreen.xib in Resources */ = {isa = PBXBuildFile; fileRef = A59EAA391AAA756000460561 /* LaunchScreen.xib */; };
		A59EAA471AAA756000460561 /* FloripaTransTests.m in Sources */ = {isa = PBXBuildFile; fileRef = A59EAA461AAA756000460561 /* FloripaTransTests.m */; };
		A59EAA581AAA7D2700460561 /* FTJSONHTTPDataAccessManager.m in Sources */ = {isa = PBXBuildFile; fileRef = A59EAA571AAA7D2700460561 /* FTJSONHTTPDataAccessManager.m */; };
		A59EAA5B1AAA817E00460561 /* FTRoutesListViewController.m in Sources */ = {isa = PBXBuildFile; fileRef = A59EAA5A1AAA817E00460561 /* FTRoutesListViewController.m */; };
		A59EAA5E1AAA833A00460561 /* FTTextfieldKeyboardDismisserViewController.m in Sources */ = {isa = PBXBuildFile; fileRef = A59EAA5D1AAA833A00460561 /* FTTextfieldKeyboardDismisserViewController.m */; };
		A59EAA611AAA891500460561 /* UIView+FTViewLayout.m in Sources */ = {isa = PBXBuildFile; fileRef = A59EAA601AAA891500460561 /* UIView+FTViewLayout.m */; };
		A59EAA641AAA8C2600460561 /* FTRoute.m in Sources */ = {isa = PBXBuildFile; fileRef = A59EAA631AAA8C2600460561 /* FTRoute.m */; };
		A59EAA671AAA960800460561 /* floripa.jpg in Resources */ = {isa = PBXBuildFile; fileRef = A59EAA661AAA960800460561 /* floripa.jpg */; };
		A59EAA6A1AAA976600460561 /* FTRouteDetailViewController.m in Sources */ = {isa = PBXBuildFile; fileRef = A59EAA691AAA976600460561 /* FTRouteDetailViewController.m */; };
		A59EAA6D1AAB3F3F00460561 /* FTStop.m in Sources */ = {isa = PBXBuildFile; fileRef = A59EAA6C1AAB3F3F00460561 /* FTStop.m */; };
		A59EAA701AAB3F4F00460561 /* FTDeparture.m in Sources */ = {isa = PBXBuildFile; fileRef = A59EAA6F1AAB3F4F00460561 /* FTDeparture.m */; };
/* End PBXBuildFile section */

/* Begin PBXContainerItemProxy section */
		A59EAA411AAA756000460561 /* PBXContainerItemProxy */ = {
			isa = PBXContainerItemProxy;
			containerPortal = A59EAA1F1AAA756000460561 /* Project object */;
			proxyType = 1;
			remoteGlobalIDString = A59EAA261AAA756000460561;
			remoteInfo = FloripaTrans;
		};
/* End PBXContainerItemProxy section */

/* Begin PBXFileReference section */
		0D042A8130F22C9A5946CBE7 /* Pods.release.xcconfig */ = {isa = PBXFileReference; includeInIndex = 1; lastKnownFileType = text.xcconfig; name = Pods.release.xcconfig; path = "Pods/Target Support Files/Pods/Pods.release.xcconfig"; sourceTree = "<group>"; };
		A59EAA271AAA756000460561 /* FloripaTrans.app */ = {isa = PBXFileReference; explicitFileType = wrapper.application; includeInIndex = 0; path = FloripaTrans.app; sourceTree = BUILT_PRODUCTS_DIR; };
		A59EAA2B1AAA756000460561 /* Info.plist */ = {isa = PBXFileReference; lastKnownFileType = text.plist.xml; path = Info.plist; sourceTree = "<group>"; };
		A59EAA2C1AAA756000460561 /* main.m */ = {isa = PBXFileReference; lastKnownFileType = sourcecode.c.objc; path = main.m; sourceTree = "<group>"; };
		A59EAA2E1AAA756000460561 /* AppDelegate.h */ = {isa = PBXFileReference; lastKnownFileType = sourcecode.c.h; path = AppDelegate.h; sourceTree = "<group>"; };
		A59EAA2F1AAA756000460561 /* AppDelegate.m */ = {isa = PBXFileReference; lastKnownFileType = sourcecode.c.objc; path = AppDelegate.m; sourceTree = "<group>"; };
		A59EAA351AAA756000460561 /* Base */ = {isa = PBXFileReference; lastKnownFileType = file.storyboard; name = Base; path = Base.lproj/Main.storyboard; sourceTree = "<group>"; };
		A59EAA371AAA756000460561 /* Images.xcassets */ = {isa = PBXFileReference; lastKnownFileType = folder.assetcatalog; path = Images.xcassets; sourceTree = "<group>"; };
		A59EAA3A1AAA756000460561 /* Base */ = {isa = PBXFileReference; lastKnownFileType = file.xib; name = Base; path = Base.lproj/LaunchScreen.xib; sourceTree = "<group>"; };
		A59EAA401AAA756000460561 /* FloripaTransTests.xctest */ = {isa = PBXFileReference; explicitFileType = wrapper.cfbundle; includeInIndex = 0; path = FloripaTransTests.xctest; sourceTree = BUILT_PRODUCTS_DIR; };
		A59EAA451AAA756000460561 /* Info.plist */ = {isa = PBXFileReference; lastKnownFileType = text.plist.xml; path = Info.plist; sourceTree = "<group>"; };
		A59EAA461AAA756000460561 /* FloripaTransTests.m */ = {isa = PBXFileReference; lastKnownFileType = sourcecode.c.objc; path = FloripaTransTests.m; sourceTree = "<group>"; };
		A59EAA551AAA7ACA00460561 /* FTDataAccessProtocols.h */ = {isa = PBXFileReference; lastKnownFileType = sourcecode.c.h; path = FTDataAccessProtocols.h; sourceTree = "<group>"; };
		A59EAA561AAA7D2700460561 /* FTJSONHTTPDataAccessManager.h */ = {isa = PBXFileReference; fileEncoding = 4; lastKnownFileType = sourcecode.c.h; path = FTJSONHTTPDataAccessManager.h; sourceTree = "<group>"; };
		A59EAA571AAA7D2700460561 /* FTJSONHTTPDataAccessManager.m */ = {isa = PBXFileReference; fileEncoding = 4; lastKnownFileType = sourcecode.c.objc; path = FTJSONHTTPDataAccessManager.m; sourceTree = "<group>"; };
		A59EAA591AAA817E00460561 /* FTRoutesListViewController.h */ = {isa = PBXFileReference; fileEncoding = 4; lastKnownFileType = sourcecode.c.h; path = FTRoutesListViewController.h; sourceTree = "<group>"; };
		A59EAA5A1AAA817E00460561 /* FTRoutesListViewController.m */ = {isa = PBXFileReference; fileEncoding = 4; lastKnownFileType = sourcecode.c.objc; path = FTRoutesListViewController.m; sourceTree = "<group>"; };
		A59EAA5C1AAA833A00460561 /* FTTextfieldKeyboardDismisserViewController.h */ = {isa = PBXFileReference; fileEncoding = 4; lastKnownFileType = sourcecode.c.h; path = FTTextfieldKeyboardDismisserViewController.h; sourceTree = "<group>"; };
		A59EAA5D1AAA833A00460561 /* FTTextfieldKeyboardDismisserViewController.m */ = {isa = PBXFileReference; fileEncoding = 4; lastKnownFileType = sourcecode.c.objc; path = FTTextfieldKeyboardDismisserViewController.m; sourceTree = "<group>"; };
		A59EAA5F1AAA891500460561 /* UIView+FTViewLayout.h */ = {isa = PBXFileReference; fileEncoding = 4; lastKnownFileType = sourcecode.c.h; path = "UIView+FTViewLayout.h"; sourceTree = "<group>"; };
		A59EAA601AAA891500460561 /* UIView+FTViewLayout.m */ = {isa = PBXFileReference; fileEncoding = 4; lastKnownFileType = sourcecode.c.objc; path = "UIView+FTViewLayout.m"; sourceTree = "<group>"; };
		A59EAA621AAA8C2600460561 /* FTRoute.h */ = {isa = PBXFileReference; fileEncoding = 4; lastKnownFileType = sourcecode.c.h; path = FTRoute.h; sourceTree = "<group>"; };
		A59EAA631AAA8C2600460561 /* FTRoute.m */ = {isa = PBXFileReference; fileEncoding = 4; lastKnownFileType = sourcecode.c.objc; path = FTRoute.m; sourceTree = "<group>"; };
		A59EAA661AAA960800460561 /* floripa.jpg */ = {isa = PBXFileReference; lastKnownFileType = image.jpeg; path = floripa.jpg; sourceTree = "<group>"; };
		A59EAA681AAA976600460561 /* FTRouteDetailViewController.h */ = {isa = PBXFileReference; fileEncoding = 4; lastKnownFileType = sourcecode.c.h; path = FTRouteDetailViewController.h; sourceTree = "<group>"; };
		A59EAA691AAA976600460561 /* FTRouteDetailViewController.m */ = {isa = PBXFileReference; fileEncoding = 4; lastKnownFileType = sourcecode.c.objc; path = FTRouteDetailViewController.m; sourceTree = "<group>"; };
		A59EAA6B1AAB3F3F00460561 /* FTStop.h */ = {isa = PBXFileReference; fileEncoding = 4; lastKnownFileType = sourcecode.c.h; path = FTStop.h; sourceTree = "<group>"; };
		A59EAA6C1AAB3F3F00460561 /* FTStop.m */ = {isa = PBXFileReference; fileEncoding = 4; lastKnownFileType = sourcecode.c.objc; path = FTStop.m; sourceTree = "<group>"; };
		A59EAA6E1AAB3F4F00460561 /* FTDeparture.h */ = {isa = PBXFileReference; fileEncoding = 4; lastKnownFileType = sourcecode.c.h; path = FTDeparture.h; sourceTree = "<group>"; };
		A59EAA6F1AAB3F4F00460561 /* FTDeparture.m */ = {isa = PBXFileReference; fileEncoding = 4; lastKnownFileType = sourcecode.c.objc; path = FTDeparture.m; sourceTree = "<group>"; };
		D4ADF84DAC1C0CDC62985E90 /* Pods.debug.xcconfig */ = {isa = PBXFileReference; includeInIndex = 1; lastKnownFileType = text.xcconfig; name = Pods.debug.xcconfig; path = "Pods/Target Support Files/Pods/Pods.debug.xcconfig"; sourceTree = "<group>"; };
		F5782A5EC3984BF5E1B143B7 /* libPods.a */ = {isa = PBXFileReference; explicitFileType = archive.ar; includeInIndex = 0; path = libPods.a; sourceTree = BUILT_PRODUCTS_DIR; };
/* End PBXFileReference section */

/* Begin PBXFrameworksBuildPhase section */
		A59EAA241AAA756000460561 /* Frameworks */ = {
			isa = PBXFrameworksBuildPhase;
			buildActionMask = 2147483647;
			files = (
				3FC502B73A761F39D9846A65 /* libPods.a in Frameworks */,
			);
			runOnlyForDeploymentPostprocessing = 0;
		};
		A59EAA3D1AAA756000460561 /* Frameworks */ = {
			isa = PBXFrameworksBuildPhase;
			buildActionMask = 2147483647;
			files = (
			);
			runOnlyForDeploymentPostprocessing = 0;
		};
/* End PBXFrameworksBuildPhase section */

/* Begin PBXGroup section */
		1DFCC78636D78BA87EEC0169 /* Frameworks */ = {
			isa = PBXGroup;
			children = (
				F5782A5EC3984BF5E1B143B7 /* libPods.a */,
			);
			name = Frameworks;
			sourceTree = "<group>";
		};
		A59EAA1E1AAA756000460561 = {
			isa = PBXGroup;
			children = (
				A59EAA291AAA756000460561 /* FloripaTrans */,
				A59EAA431AAA756000460561 /* FloripaTransTests */,
				A59EAA281AAA756000460561 /* Products */,
				C366CF1B97705B2D728A0708 /* Pods */,
				1DFCC78636D78BA87EEC0169 /* Frameworks */,
			);
			sourceTree = "<group>";
		};
		A59EAA281AAA756000460561 /* Products */ = {
			isa = PBXGroup;
			children = (
				A59EAA271AAA756000460561 /* FloripaTrans.app */,
				A59EAA401AAA756000460561 /* FloripaTransTests.xctest */,
			);
			name = Products;
			sourceTree = "<group>";
		};
		A59EAA291AAA756000460561 /* FloripaTrans */ = {
			isa = PBXGroup;
			children = (
				A59EAA651AAA95EC00460561 /* Images */,
				A59EAA541AAA7A4900460561 /* Model */,
				A59EAA531AAA7A3D00460561 /* RouteDetail */,
				A59EAA521AAA7A2C00460561 /* RoutesList */,
				A59EAA511AAA7A1F00460561 /* DataAccess */,
				A59EAA501AAA7A0900460561 /* Utilities */,
				A59EAA2E1AAA756000460561 /* AppDelegate.h */,
				A59EAA2F1AAA756000460561 /* AppDelegate.m */,
				A59EAA341AAA756000460561 /* Main.storyboard */,
				A59EAA371AAA756000460561 /* Images.xcassets */,
				A59EAA391AAA756000460561 /* LaunchScreen.xib */,
				A59EAA2A1AAA756000460561 /* Supporting Files */,
			);
			path = FloripaTrans;
			sourceTree = "<group>";
		};
		A59EAA2A1AAA756000460561 /* Supporting Files */ = {
			isa = PBXGroup;
			children = (
				A59EAA2B1AAA756000460561 /* Info.plist */,
				A59EAA2C1AAA756000460561 /* main.m */,
			);
			name = "Supporting Files";
			sourceTree = "<group>";
		};
		A59EAA431AAA756000460561 /* FloripaTransTests */ = {
			isa = PBXGroup;
			children = (
				A59EAA461AAA756000460561 /* FloripaTransTests.m */,
				A59EAA441AAA756000460561 /* Supporting Files */,
			);
			path = FloripaTransTests;
			sourceTree = "<group>";
		};
		A59EAA441AAA756000460561 /* Supporting Files */ = {
			isa = PBXGroup;
			children = (
				A59EAA451AAA756000460561 /* Info.plist */,
			);
			name = "Supporting Files";
			sourceTree = "<group>";
		};
		A59EAA501AAA7A0900460561 /* Utilities */ = {
			isa = PBXGroup;
			children = (
				A59EAA5C1AAA833A00460561 /* FTTextfieldKeyboardDismisserViewController.h */,
				A59EAA5D1AAA833A00460561 /* FTTextfieldKeyboardDismisserViewController.m */,
				A59EAA5F1AAA891500460561 /* UIView+FTViewLayout.h */,
				A59EAA601AAA891500460561 /* UIView+FTViewLayout.m */,
			);
			name = Utilities;
			sourceTree = "<group>";
		};
		A59EAA511AAA7A1F00460561 /* DataAccess */ = {
			isa = PBXGroup;
			children = (
				A59EAA551AAA7ACA00460561 /* FTDataAccessProtocols.h */,
				A59EAA561AAA7D2700460561 /* FTJSONHTTPDataAccessManager.h */,
				A59EAA571AAA7D2700460561 /* FTJSONHTTPDataAccessManager.m */,
			);
			name = DataAccess;
			sourceTree = "<group>";
		};
		A59EAA521AAA7A2C00460561 /* RoutesList */ = {
			isa = PBXGroup;
			children = (
				A59EAA591AAA817E00460561 /* FTRoutesListViewController.h */,
				A59EAA5A1AAA817E00460561 /* FTRoutesListViewController.m */,
			);
			name = RoutesList;
			sourceTree = "<group>";
		};
		A59EAA531AAA7A3D00460561 /* RouteDetail */ = {
			isa = PBXGroup;
			children = (
				A59EAA681AAA976600460561 /* FTRouteDetailViewController.h */,
				A59EAA691AAA976600460561 /* FTRouteDetailViewController.m */,
			);
			name = RouteDetail;
			sourceTree = "<group>";
		};
		A59EAA541AAA7A4900460561 /* Model */ = {
			isa = PBXGroup;
			children = (
				A59EAA621AAA8C2600460561 /* FTRoute.h */,
				A59EAA631AAA8C2600460561 /* FTRoute.m */,
				A59EAA6B1AAB3F3F00460561 /* FTStop.h */,
				A59EAA6C1AAB3F3F00460561 /* FTStop.m */,
				A59EAA6E1AAB3F4F00460561 /* FTDeparture.h */,
				A59EAA6F1AAB3F4F00460561 /* FTDeparture.m */,
			);
			name = Model;
			sourceTree = "<group>";
		};
		A59EAA651AAA95EC00460561 /* Images */ = {
			isa = PBXGroup;
			children = (
				A59EAA661AAA960800460561 /* floripa.jpg */,
			);
			name = Images;
			sourceTree = "<group>";
		};
		C366CF1B97705B2D728A0708 /* Pods */ = {
			isa = PBXGroup;
			children = (
				D4ADF84DAC1C0CDC62985E90 /* Pods.debug.xcconfig */,
				0D042A8130F22C9A5946CBE7 /* Pods.release.xcconfig */,
			);
			name = Pods;
			sourceTree = "<group>";
		};
/* End PBXGroup section */

/* Begin PBXNativeTarget section */
		A59EAA261AAA756000460561 /* FloripaTrans */ = {
			isa = PBXNativeTarget;
			buildConfigurationList = A59EAA4A1AAA756000460561 /* Build configuration list for PBXNativeTarget "FloripaTrans" */;
			buildPhases = (
				2F5828C5F8229462996AE8FB /* Check Pods Manifest.lock */,
				A59EAA231AAA756000460561 /* Sources */,
				A59EAA241AAA756000460561 /* Frameworks */,
				A59EAA251AAA756000460561 /* Resources */,
				B4028A1CA07AC2D156830F0B /* Copy Pods Resources */,
			);
			buildRules = (
			);
			dependencies = (
			);
			name = FloripaTrans;
			productName = FloripaTrans;
			productReference = A59EAA271AAA756000460561 /* FloripaTrans.app */;
			productType = "com.apple.product-type.application";
		};
		A59EAA3F1AAA756000460561 /* FloripaTransTests */ = {
			isa = PBXNativeTarget;
			buildConfigurationList = A59EAA4D1AAA756000460561 /* Build configuration list for PBXNativeTarget "FloripaTransTests" */;
			buildPhases = (
				A59EAA3C1AAA756000460561 /* Sources */,
				A59EAA3D1AAA756000460561 /* Frameworks */,
				A59EAA3E1AAA756000460561 /* Resources */,
			);
			buildRules = (
			);
			dependencies = (
				A59EAA421AAA756000460561 /* PBXTargetDependency */,
			);
			name = FloripaTransTests;
			productName = FloripaTransTests;
			productReference = A59EAA401AAA756000460561 /* FloripaTransTests.xctest */;
			productType = "com.apple.product-type.bundle.unit-test";
		};
/* End PBXNativeTarget section */

/* Begin PBXProject section */
		A59EAA1F1AAA756000460561 /* Project object */ = {
			isa = PBXProject;
			attributes = {
				LastUpgradeCheck = 0610;
				ORGANIZATIONNAME = "Vitor Makoto";
				TargetAttributes = {
					A59EAA261AAA756000460561 = {
						CreatedOnToolsVersion = 6.1;
					};
					A59EAA3F1AAA756000460561 = {
						CreatedOnToolsVersion = 6.1;
						TestTargetID = A59EAA261AAA756000460561;
					};
				};
			};
			buildConfigurationList = A59EAA221AAA756000460561 /* Build configuration list for PBXProject "FloripaTrans" */;
			compatibilityVersion = "Xcode 3.2";
			developmentRegion = English;
			hasScannedForEncodings = 0;
			knownRegions = (
				en,
				Base,
			);
			mainGroup = A59EAA1E1AAA756000460561;
			productRefGroup = A59EAA281AAA756000460561 /* Products */;
			projectDirPath = "";
			projectRoot = "";
			targets = (
				A59EAA261AAA756000460561 /* FloripaTrans */,
				A59EAA3F1AAA756000460561 /* FloripaTransTests */,
			);
		};
/* End PBXProject section */

/* Begin PBXResourcesBuildPhase section */
		A59EAA251AAA756000460561 /* Resources */ = {
			isa = PBXResourcesBuildPhase;
			buildActionMask = 2147483647;
			files = (
				A59EAA361AAA756000460561 /* Main.storyboard in Resources */,
				A59EAA3B1AAA756000460561 /* LaunchScreen.xib in Resources */,
				A59EAA381AAA756000460561 /* Images.xcassets in Resources */,
				A59EAA671AAA960800460561 /* floripa.jpg in Resources */,
			);
			runOnlyForDeploymentPostprocessing = 0;
		};
		A59EAA3E1AAA756000460561 /* Resources */ = {
			isa = PBXResourcesBuildPhase;
			buildActionMask = 2147483647;
			files = (
			);
			runOnlyForDeploymentPostprocessing = 0;
		};
/* End PBXResourcesBuildPhase section */

/* Begin PBXShellScriptBuildPhase section */
		2F5828C5F8229462996AE8FB /* Check Pods Manifest.lock */ = {
			isa = PBXShellScriptBuildPhase;
			buildActionMask = 2147483647;
			files = (
			);
			inputPaths = (
			);
			name = "Check Pods Manifest.lock";
			outputPaths = (
			);
			runOnlyForDeploymentPostprocessing = 0;
			shellPath = /bin/sh;
			shellScript = "diff \"${PODS_ROOT}/../Podfile.lock\" \"${PODS_ROOT}/Manifest.lock\" > /dev/null\nif [[ $? != 0 ]] ; then\n    cat << EOM\nerror: The sandbox is not in sync with the Podfile.lock. Run 'pod install' or update your CocoaPods installation.\nEOM\n    exit 1\nfi\n";
			showEnvVarsInLog = 0;
		};
		B4028A1CA07AC2D156830F0B /* Copy Pods Resources */ = {
			isa = PBXShellScriptBuildPhase;
			buildActionMask = 2147483647;
			files = (
			);
			inputPaths = (
			);
			name = "Copy Pods Resources";
			outputPaths = (
			);
			runOnlyForDeploymentPostprocessing = 0;
			shellPath = /bin/sh;
			shellScript = "\"${SRCROOT}/Pods/Target Support Files/Pods/Pods-resources.sh\"\n";
			showEnvVarsInLog = 0;
		};
/* End PBXShellScriptBuildPhase section */

/* Begin PBXSourcesBuildPhase section */
		A59EAA231AAA756000460561 /* Sources */ = {
			isa = PBXSourcesBuildPhase;
			buildActionMask = 2147483647;
			files = (
				A59EAA701AAB3F4F00460561 /* FTDeparture.m in Sources */,
				A59EAA5B1AAA817E00460561 /* FTRoutesListViewController.m in Sources */,
				A59EAA301AAA756000460561 /* AppDelegate.m in Sources */,
				A59EAA2D1AAA756000460561 /* main.m in Sources */,
				A59EAA6A1AAA976600460561 /* FTRouteDetailViewController.m in Sources */,
				A59EAA6D1AAB3F3F00460561 /* FTStop.m in Sources */,
				A59EAA611AAA891500460561 /* UIView+FTViewLayout.m in Sources */,
				A59EAA641AAA8C2600460561 /* FTRoute.m in Sources */,
				A59EAA581AAA7D2700460561 /* FTJSONHTTPDataAccessManager.m in Sources */,
				A59EAA5E1AAA833A00460561 /* FTTextfieldKeyboardDismisserViewController.m in Sources */,
			);
			runOnlyForDeploymentPostprocessing = 0;
		};
		A59EAA3C1AAA756000460561 /* Sources */ = {
			isa = PBXSourcesBuildPhase;
			buildActionMask = 2147483647;
			files = (
				A59EAA471AAA756000460561 /* FloripaTransTests.m in Sources */,
			);
			runOnlyForDeploymentPostprocessing = 0;
		};
/* End PBXSourcesBuildPhase section */

/* Begin PBXTargetDependency section */
		A59EAA421AAA756000460561 /* PBXTargetDependency */ = {
			isa = PBXTargetDependency;
			target = A59EAA261AAA756000460561 /* FloripaTrans */;
			targetProxy = A59EAA411AAA756000460561 /* PBXContainerItemProxy */;
		};
/* End PBXTargetDependency section */

/* Begin PBXVariantGroup section */
		A59EAA341AAA756000460561 /* Main.storyboard */ = {
			isa = PBXVariantGroup;
			children = (
				A59EAA351AAA756000460561 /* Base */,
			);
			name = Main.storyboard;
			sourceTree = "<group>";
		};
		A59EAA391AAA756000460561 /* LaunchScreen.xib */ = {
			isa = PBXVariantGroup;
			children = (
				A59EAA3A1AAA756000460561 /* Base */,
			);
			name = LaunchScreen.xib;
			sourceTree = "<group>";
		};
/* End PBXVariantGroup section */

/* Begin XCBuildConfiguration section */
		A59EAA481AAA756000460561 /* Debug */ = {
			isa = XCBuildConfiguration;
			buildSettings = {
				ALWAYS_SEARCH_USER_PATHS = NO;
				CLANG_CXX_LANGUAGE_STANDARD = "gnu++0x";
				CLANG_CXX_LIBRARY = "libc++";
				CLANG_ENABLE_MODULES = YES;
				CLANG_ENABLE_OBJC_ARC = YES;
				CLANG_WARN_BOOL_CONVERSION = YES;
				CLANG_WARN_CONSTANT_CONVERSION = YES;
				CLANG_WARN_DIRECT_OBJC_ISA_USAGE = YES_ERROR;
				CLANG_WARN_EMPTY_BODY = YES;
				CLANG_WARN_ENUM_CONVERSION = YES;
				CLANG_WARN_INT_CONVERSION = YES;
				CLANG_WARN_OBJC_ROOT_CLASS = YES_ERROR;
				CLANG_WARN_UNREACHABLE_CODE = YES;
				CLANG_WARN__DUPLICATE_METHOD_MATCH = YES;
				"CODE_SIGN_IDENTITY[sdk=iphoneos*]" = "iPhone Developer";
				COPY_PHASE_STRIP = NO;
				ENABLE_STRICT_OBJC_MSGSEND = YES;
				GCC_C_LANGUAGE_STANDARD = gnu99;
				GCC_DYNAMIC_NO_PIC = NO;
				GCC_OPTIMIZATION_LEVEL = 0;
				GCC_PREPROCESSOR_DEFINITIONS = (
					"DEBUG=1",
					"$(inherited)",
				);
				GCC_SYMBOLS_PRIVATE_EXTERN = NO;
				GCC_WARN_64_TO_32_BIT_CONVERSION = YES;
				GCC_WARN_ABOUT_RETURN_TYPE = YES_ERROR;
				GCC_WARN_UNDECLARED_SELECTOR = YES;
				GCC_WARN_UNINITIALIZED_AUTOS = YES_AGGRESSIVE;
				GCC_WARN_UNUSED_FUNCTION = YES;
				GCC_WARN_UNUSED_VARIABLE = YES;
				IPHONEOS_DEPLOYMENT_TARGET = 8.1;
				MTL_ENABLE_DEBUG_INFO = YES;
				ONLY_ACTIVE_ARCH = YES;
				SDKROOT = iphoneos;
				TARGETED_DEVICE_FAMILY = "1,2";
			};
			name = Debug;
		};
		A59EAA491AAA756000460561 /* Release */ = {
			isa = XCBuildConfiguration;
			buildSettings = {
				ALWAYS_SEARCH_USER_PATHS = NO;
				CLANG_CXX_LANGUAGE_STANDARD = "gnu++0x";
				CLANG_CXX_LIBRARY = "libc++";
				CLANG_ENABLE_MODULES = YES;
				CLANG_ENABLE_OBJC_ARC = YES;
				CLANG_WARN_BOOL_CONVERSION = YES;
				CLANG_WARN_CONSTANT_CONVERSION = YES;
				CLANG_WARN_DIRECT_OBJC_ISA_USAGE = YES_ERROR;
				CLANG_WARN_EMPTY_BODY = YES;
				CLANG_WARN_ENUM_CONVERSION = YES;
				CLANG_WARN_INT_CONVERSION = YES;
				CLANG_WARN_OBJC_ROOT_CLASS = YES_ERROR;
				CLANG_WARN_UNREACHABLE_CODE = YES;
				CLANG_WARN__DUPLICATE_METHOD_MATCH = YES;
				"CODE_SIGN_IDENTITY[sdk=iphoneos*]" = "iPhone Developer";
				COPY_PHASE_STRIP = YES;
				ENABLE_NS_ASSERTIONS = NO;
				ENABLE_STRICT_OBJC_MSGSEND = YES;
				GCC_C_LANGUAGE_STANDARD = gnu99;
				GCC_WARN_64_TO_32_BIT_CONVERSION = YES;
				GCC_WARN_ABOUT_RETURN_TYPE = YES_ERROR;
				GCC_WARN_UNDECLARED_SELECTOR = YES;
				GCC_WARN_UNINITIALIZED_AUTOS = YES_AGGRESSIVE;
				GCC_WARN_UNUSED_FUNCTION = YES;
				GCC_WARN_UNUSED_VARIABLE = YES;
				IPHONEOS_DEPLOYMENT_TARGET = 8.1;
				MTL_ENABLE_DEBUG_INFO = NO;
				SDKROOT = iphoneos;
				TARGETED_DEVICE_FAMILY = "1,2";
				VALIDATE_PRODUCT = YES;
			};
			name = Release;
		};
		A59EAA4B1AAA756000460561 /* Debug */ = {
			isa = XCBuildConfiguration;
			baseConfigurationReference = D4ADF84DAC1C0CDC62985E90 /* Pods.debug.xcconfig */;
			buildSettings = {
				ASSETCATALOG_COMPILER_APPICON_NAME = AppIcon;
				INFOPLIST_FILE = FloripaTrans/Info.plist;
				LD_RUNPATH_SEARCH_PATHS = "$(inherited) @executable_path/Frameworks";
				PRODUCT_NAME = "$(TARGET_NAME)";
			};
			name = Debug;
		};
		A59EAA4C1AAA756000460561 /* Release */ = {
			isa = XCBuildConfiguration;
			baseConfigurationReference = 0D042A8130F22C9A5946CBE7 /* Pods.release.xcconfig */;
			buildSettings = {
				ASSETCATALOG_COMPILER_APPICON_NAME = AppIcon;
				INFOPLIST_FILE = FloripaTrans/Info.plist;
				LD_RUNPATH_SEARCH_PATHS = "$(inherited) @executable_path/Frameworks";
				PRODUCT_NAME = "$(TARGET_NAME)";
			};
			name = Release;
		};
		A59EAA4E1AAA756000460561 /* Debug */ = {
			isa = XCBuildConfiguration;
			buildSettings = {
				BUNDLE_LOADER = "$(TEST_HOST)";
				FRAMEWORK_SEARCH_PATHS = (
					"$(SDKROOT)/Developer/Library/Frameworks",
					"$(inherited)",
				);
				GCC_PREPROCESSOR_DEFINITIONS = (
					"DEBUG=1",
					"$(inherited)",
				);
				INFOPLIST_FILE = FloripaTransTests/Info.plist;
				LD_RUNPATH_SEARCH_PATHS = "$(inherited) @executable_path/Frameworks @loader_path/Frameworks";
				PRODUCT_NAME = "$(TARGET_NAME)";
				TEST_HOST = "$(BUILT_PRODUCTS_DIR)/FloripaTrans.app/FloripaTrans";
			};
			name = Debug;
		};
		A59EAA4F1AAA756000460561 /* Release */ = {
			isa = XCBuildConfiguration;
			buildSettings = {
				BUNDLE_LOADER = "$(TEST_HOST)";
				FRAMEWORK_SEARCH_PATHS = (
					"$(SDKROOT)/Developer/Library/Frameworks",
					"$(inherited)",
				);
				INFOPLIST_FILE = FloripaTransTests/Info.plist;
				LD_RUNPATH_SEARCH_PATHS = "$(inherited) @executable_path/Frameworks @loader_path/Frameworks";
				PRODUCT_NAME = "$(TARGET_NAME)";
				TEST_HOST = "$(BUILT_PRODUCTS_DIR)/FloripaTrans.app/FloripaTrans";
			};
			name = Release;
		};
/* End XCBuildConfiguration section */

/* Begin XCConfigurationList section */
		A59EAA221AAA756000460561 /* Build configuration list for PBXProject "FloripaTrans" */ = {
			isa = XCConfigurationList;
			buildConfigurations = (
				A59EAA481AAA756000460561 /* Debug */,
				A59EAA491AAA756000460561 /* Release */,
			);
			defaultConfigurationIsVisible = 0;
			defaultConfigurationName = Release;
		};
		A59EAA4A1AAA756000460561 /* Build configuration list for PBXNativeTarget "FloripaTrans" */ = {
			isa = XCConfigurationList;
			buildConfigurations = (
				A59EAA4B1AAA756000460561 /* Debug */,
				A59EAA4C1AAA756000460561 /* Release */,
			);
			defaultConfigurationIsVisible = 0;
			defaultConfigurationName = Release;
		};
		A59EAA4D1AAA756000460561 /* Build configuration list for PBXNativeTarget "FloripaTransTests" */ = {
			isa = XCConfigurationList;
			buildConfigurations = (
				A59EAA4E1AAA756000460561 /* Debug */,
				A59EAA4F1AAA756000460561 /* Release */,
			);
			defaultConfigurationIsVisible = 0;
			defaultConfigurationName = Release;
		};
/* End XCConfigurationList section */
	};
	rootObject = A59EAA1F1AAA756000460561 /* Project object */;
}
